# This file is automatically @generated by Poetry 2.1.3 and should not be changed by hand.

[[package]]
name = "altgraph"
version = "0.17.4"
description = "Python graph (network) package"
optional = false
python-versions = "*"
groups = ["dev"]
files = [
    {file = "altgraph-0.17.4-py2.py3-none-any.whl", hash = "sha256:642743b4750de17e655e6711601b077bc6598dbfa3ba5fa2b2a35ce12b508dff"},
    {file = "altgraph-0.17.4.tar.gz", hash = "sha256:1b5afbb98f6c4dcadb2e2ae6ab9fa994bbb8c1d75f4fa96d340f9437ae454406"},
]

[[package]]
name = "colorama"
version = "0.4.6"
description = "Cross-platform colored terminal text."
optional = false
python-versions = "!=3.0.*,!=3.1.*,!=3.2.*,!=3.3.*,!=3.4.*,!=3.5.*,!=3.6.*,>=2.7"
groups = ["main"]
markers = "sys_platform == \"win32\""
files = [
    {file = "colorama-0.4.6-py2.py3-none-any.whl", hash = "sha256:4f1d9991f5acc0ca119f9d443620b77f9d6b33703e51011c16baf57afb285fc6"},
    {file = "colorama-0.4.6.tar.gz", hash = "sha256:08695f5cb7ed6e0531a20572697297273c47b8cae5a63ffc6d6ed5c201be6e44"},
]

[[package]]
name = "et-xmlfile"
version = "2.0.0"
description = "An implementation of lxml.xmlfile for the standard library"
optional = false
python-versions = ">=3.8"
groups = ["main"]
files = [
    {file = "et_xmlfile-2.0.0-py3-none-any.whl", hash = "sha256:7a91720bc756843502c3b7504c77b8fe44217c85c537d85037f0f536151b2caa"},
    {file = "et_xmlfile-2.0.0.tar.gz", hash = "sha256:dab3f4764309081ce75662649be815c4c9081e88f0837825f90fd28317d4da54"},
]

[[package]]
name = "iniconfig"
version = "2.1.0"
description = "brain-dead simple config-ini parsing"
optional = false
python-versions = ">=3.8"
groups = ["main"]
files = [
    {file = "iniconfig-2.1.0-py3-none-any.whl", hash = "sha256:9deba5723312380e77435581c6bf4935c94cbfab9b1ed33ef8d238ea168eb760"},
    {file = "iniconfig-2.1.0.tar.gz", hash = "sha256:3abbd2e30b36733fee78f9c7f7308f2d0050e88f0087fd25c2645f63c773e1c7"},
]

[[package]]
name = "macholib"
version = "1.16.3"
description = "Mach-O header analysis and editing"
optional = false
python-versions = "*"
groups = ["dev"]
markers = "sys_platform == \"darwin\""
files = [
    {file = "macholib-1.16.3-py2.py3-none-any.whl", hash = "sha256:0e315d7583d38b8c77e815b1ecbdbf504a8258d8b3e17b61165c6feb60d18f2c"},
    {file = "macholib-1.16.3.tar.gz", hash = "sha256:07ae9e15e8e4cd9a788013d81f5908b3609aa76f9b1421bae9c4d7606ec86a30"},
]

[package.dependencies]
altgraph = ">=0.17"

[[package]]
name = "numpy"
version = "2.3.3"
description = "Fundamental package for array computing in Python"
optional = false
python-versions = ">=3.11"
groups = ["main"]
files = [
    {file = "numpy-2.3.3-cp311-cp311-macosx_10_9_x86_64.whl", hash = "sha256:0ffc4f5caba7dfcbe944ed674b7eef683c7e94874046454bb79ed7ee0236f59d"},
    {file = "numpy-2.3.3-cp311-cp311-macosx_11_0_arm64.whl", hash = "sha256:e7e946c7170858a0295f79a60214424caac2ffdb0063d4d79cb681f9aa0aa569"},
    {file = "numpy-2.3.3-cp311-cp311-macosx_14_0_arm64.whl", hash = "sha256:cd4260f64bc794c3390a63bf0728220dd1a68170c169088a1e0dfa2fde1be12f"},
    {file = "numpy-2.3.3-cp311-cp311-macosx_14_0_x86_64.whl", hash = "sha256:f0ddb4b96a87b6728df9362135e764eac3cfa674499943ebc44ce96c478ab125"},
    {file = "numpy-2.3.3-cp311-cp311-manylinux_2_27_aarch64.manylinux_2_28_aarch64.whl", hash = "sha256:afd07d377f478344ec6ca2b8d4ca08ae8bd44706763d1efb56397de606393f48"},
    {file = "numpy-2.3.3-cp311-cp311-manylinux_2_27_x86_64.manylinux_2_28_x86_64.whl", hash = "sha256:bc92a5dedcc53857249ca51ef29f5e5f2f8c513e22cfb90faeb20343b8c6f7a6"},
    {file = "numpy-2.3.3-cp311-cp311-musllinux_1_2_aarch64.whl", hash = "sha256:7af05ed4dc19f308e1d9fc759f36f21921eb7bbfc82843eeec6b2a2863a0aefa"},
    {file = "numpy-2.3.3-cp311-cp311-musllinux_1_2_x86_64.whl", hash = "sha256:433bf137e338677cebdd5beac0199ac84712ad9d630b74eceeb759eaa45ddf30"},
    {file = "numpy-2.3.3-cp311-cp311-win32.whl", hash = "sha256:eb63d443d7b4ffd1e873f8155260d7f58e7e4b095961b01c91062935c2491e57"},
    {file = "numpy-2.3.3-cp311-cp311-win_amd64.whl", hash = "sha256:ec9d249840f6a565f58d8f913bccac2444235025bbb13e9a4681783572ee3caa"},
    {file = "numpy-2.3.3-cp311-cp311-win_arm64.whl", hash = "sha256:74c2a948d02f88c11a3c075d9733f1ae67d97c6bdb97f2bb542f980458b257e7"},
    {file = "numpy-2.3.3-cp312-cp312-macosx_10_13_x86_64.whl", hash = "sha256:cfdd09f9c84a1a934cde1eec2267f0a43a7cd44b2cca4ff95b7c0d14d144b0bf"},
    {file = "numpy-2.3.3-cp312-cp312-macosx_11_0_arm64.whl", hash = "sha256:cb32e3cf0f762aee47ad1ddc6672988f7f27045b0783c887190545baba73aa25"},
    {file = "numpy-2.3.3-cp312-cp312-macosx_14_0_arm64.whl", hash = "sha256:396b254daeb0a57b1fe0ecb5e3cff6fa79a380fa97c8f7781a6d08cd429418fe"},
    {file = "numpy-2.3.3-cp312-cp312-macosx_14_0_x86_64.whl", hash = "sha256:067e3d7159a5d8f8a0b46ee11148fc35ca9b21f61e3c49fbd0a027450e65a33b"},
    {file = "numpy-2.3.3-cp312-cp312-manylinux_2_27_aarch64.manylinux_2_28_aarch64.whl", hash = "sha256:1c02d0629d25d426585fb2e45a66154081b9fa677bc92a881ff1d216bc9919a8"},
    {file = "numpy-2.3.3-cp312-cp312-manylinux_2_27_x86_64.manylinux_2_28_x86_64.whl", hash = "sha256:d9192da52b9745f7f0766531dcfa978b7763916f158bb63bdb8a1eca0068ab20"},
    {file = "numpy-2.3.3-cp312-cp312-musllinux_1_2_aarch64.whl", hash = "sha256:cd7de500a5b66319db419dc3c345244404a164beae0d0937283b907d8152e6ea"},
    {file = "numpy-2.3.3-cp312-cp312-musllinux_1_2_x86_64.whl", hash = "sha256:93d4962d8f82af58f0b2eb85daaf1b3ca23fe0a85d0be8f1f2b7bb46034e56d7"},
    {file = "numpy-2.3.3-cp312-cp312-win32.whl", hash = "sha256:5534ed6b92f9b7dca6c0a19d6df12d41c68b991cef051d108f6dbff3babc4ebf"},
    {file = "numpy-2.3.3-cp312-cp312-win_amd64.whl", hash = "sha256:497d7cad08e7092dba36e3d296fe4c97708c93daf26643a1ae4b03f6294d30eb"},
    {file = "numpy-2.3.3-cp312-cp312-win_arm64.whl", hash = "sha256:ca0309a18d4dfea6fc6262a66d06c26cfe4640c3926ceec90e57791a82b6eee5"},
    {file = "numpy-2.3.3-cp313-cp313-macosx_10_13_x86_64.whl", hash = "sha256:f5415fb78995644253370985342cd03572ef8620b934da27d77377a2285955bf"},
    {file = "numpy-2.3.3-cp313-cp313-macosx_11_0_arm64.whl", hash = "sha256:d00de139a3324e26ed5b95870ce63be7ec7352171bc69a4cf1f157a48e3eb6b7"},
    {file = "numpy-2.3.3-cp313-cp313-macosx_14_0_arm64.whl", hash = "sha256:9dc13c6a5829610cc07422bc74d3ac083bd8323f14e2827d992f9e52e22cd6a6"},
    {file = "numpy-2.3.3-cp313-cp313-macosx_14_0_x86_64.whl", hash = "sha256:d79715d95f1894771eb4e60fb23f065663b2298f7d22945d66877aadf33d00c7"},
    {file = "numpy-2.3.3-cp313-cp313-manylinux_2_27_aarch64.manylinux_2_28_aarch64.whl", hash = "sha256:952cfd0748514ea7c3afc729a0fc639e61655ce4c55ab9acfab14bda4f402b4c"},
    {file = "numpy-2.3.3-cp313-cp313-manylinux_2_27_x86_64.manylinux_2_28_x86_64.whl", hash = "sha256:5b83648633d46f77039c29078751f80da65aa64d5622a3cd62aaef9d835b6c93"},
    {file = "numpy-2.3.3-cp313-cp313-musllinux_1_2_aarch64.whl", hash = "sha256:b001bae8cea1c7dfdb2ae2b017ed0a6f2102d7a70059df1e338e307a4c78a8ae"},
    {file = "numpy-2.3.3-cp313-cp313-musllinux_1_2_x86_64.whl", hash = "sha256:8e9aced64054739037d42fb84c54dd38b81ee238816c948c8f3ed134665dcd86"},
    {file = "numpy-2.3.3-cp313-cp313-win32.whl", hash = "sha256:9591e1221db3f37751e6442850429b3aabf7026d3b05542d102944ca7f00c8a8"},
    {file = "numpy-2.3.3-cp313-cp313-win_amd64.whl", hash = "sha256:f0dadeb302887f07431910f67a14d57209ed91130be0adea2f9793f1a4f817cf"},
    {file = "numpy-2.3.3-cp313-cp313-win_arm64.whl", hash = "sha256:3c7cf302ac6e0b76a64c4aecf1a09e51abd9b01fc7feee80f6c43e3ab1b1dbc5"},
    {file = "numpy-2.3.3-cp313-cp313t-macosx_10_13_x86_64.whl", hash = "sha256:eda59e44957d272846bb407aad19f89dc6f58fecf3504bd144f4c5cf81a7eacc"},
    {file = "numpy-2.3.3-cp313-cp313t-macosx_11_0_arm64.whl", hash = "sha256:823d04112bc85ef5c4fda73ba24e6096c8f869931405a80aa8b0e604510a26bc"},
    {file = "numpy-2.3.3-cp313-cp313t-macosx_14_0_arm64.whl", hash = "sha256:40051003e03db4041aa325da2a0971ba41cf65714e65d296397cc0e32de6018b"},
    {file = "numpy-2.3.3-cp313-cp313t-macosx_14_0_x86_64.whl", hash = "sha256:6ee9086235dd6ab7ae75aba5662f582a81ced49f0f1c6de4260a78d8f2d91a19"},
    {file = "numpy-2.3.3-cp313-cp313t-manylinux_2_27_aarch64.manylinux_2_28_aarch64.whl", hash = "sha256:94fcaa68757c3e2e668ddadeaa86ab05499a70725811e582b6a9858dd472fb30"},
    {file = "numpy-2.3.3-cp313-cp313t-manylinux_2_27_x86_64.manylinux_2_28_x86_64.whl", hash = "sha256:da1a74b90e7483d6ce5244053399a614b1d6b7bc30a60d2f570e5071f8959d3e"},
    {file = "numpy-2.3.3-cp313-cp313t-musllinux_1_2_aarch64.whl", hash = "sha256:2990adf06d1ecee3b3dcbb4977dfab6e9f09807598d647f04d385d29e7a3c3d3"},
    {file = "numpy-2.3.3-cp313-cp313t-musllinux_1_2_x86_64.whl", hash = "sha256:ed635ff692483b8e3f0fcaa8e7eb8a75ee71aa6d975388224f70821421800cea"},
    {file = "numpy-2.3.3-cp313-cp313t-win32.whl", hash = "sha256:a333b4ed33d8dc2b373cc955ca57babc00cd6f9009991d9edc5ddbc1bac36bcd"},
    {file = "numpy-2.3.3-cp313-cp313t-win_amd64.whl", hash = "sha256:4384a169c4d8f97195980815d6fcad04933a7e1ab3b530921c3fef7a1c63426d"},
    {file = "numpy-2.3.3-cp313-cp313t-win_arm64.whl", hash = "sha256:75370986cc0bc66f4ce5110ad35aae6d182cc4ce6433c40ad151f53690130bf1"},
    {file = "numpy-2.3.3-cp314-cp314-macosx_10_13_x86_64.whl", hash = "sha256:cd052f1fa6a78dee696b58a914b7229ecfa41f0a6d96dc663c1220a55e137593"},
    {file = "numpy-2.3.3-cp314-cp314-macosx_11_0_arm64.whl", hash = "sha256:414a97499480067d305fcac9716c29cf4d0d76db6ebf0bf3cbce666677f12652"},
    {file = "numpy-2.3.3-cp314-cp314-macosx_14_0_arm64.whl", hash = "sha256:50a5fe69f135f88a2be9b6ca0481a68a136f6febe1916e4920e12f1a34e708a7"},
    {file = "numpy-2.3.3-cp314-cp314-macosx_14_0_x86_64.whl", hash = "sha256:b912f2ed2b67a129e6a601e9d93d4fa37bef67e54cac442a2f588a54afe5c67a"},
    {file = "numpy-2.3.3-cp314-cp314-manylinux_2_27_aarch64.manylinux_2_28_aarch64.whl", hash = "sha256:9e318ee0596d76d4cb3d78535dc005fa60e5ea348cd131a51e99d0bdbe0b54fe"},
    {file = "numpy-2.3.3-cp314-cp314-manylinux_2_27_x86_64.manylinux_2_28_x86_64.whl", hash = "sha256:ce020080e4a52426202bdb6f7691c65bb55e49f261f31a8f506c9f6bc7450421"},
    {file = "numpy-2.3.3-cp314-cp314-musllinux_1_2_aarch64.whl", hash = "sha256:e6687dc183aa55dae4a705b35f9c0f8cb178bcaa2f029b241ac5356221d5c021"},
    {file = "numpy-2.3.3-cp314-cp314-musllinux_1_2_x86_64.whl", hash = "sha256:d8f3b1080782469fdc1718c4ed1d22549b5fb12af0d57d35e992158a772a37cf"},
    {file = "numpy-2.3.3-cp314-cp314-win32.whl", hash = "sha256:cb248499b0bc3be66ebd6578b83e5acacf1d6cb2a77f2248ce0e40fbec5a76d0"},
    {file = "numpy-2.3.3-cp314-cp314-win_amd64.whl", hash = "sha256:691808c2b26b0f002a032c73255d0bd89751425f379f7bcd22d140db593a96e8"},
    {file = "numpy-2.3.3-cp314-cp314-win_arm64.whl", hash = "sha256:9ad12e976ca7b10f1774b03615a2a4bab8addce37ecc77394d8e986927dc0dfe"},
    {file = "numpy-2.3.3-cp314-cp314t-macosx_10_13_x86_64.whl", hash = "sha256:9cc48e09feb11e1db00b320e9d30a4151f7369afb96bd0e48d942d09da3a0d00"},
    {file = "numpy-2.3.3-cp314-cp314t-macosx_11_0_arm64.whl", hash = "sha256:901bf6123879b7f251d3631967fd574690734236075082078e0571977c6a8e6a"},
    {file = "numpy-2.3.3-cp314-cp314t-macosx_14_0_arm64.whl", hash = "sha256:7f025652034199c301049296b59fa7d52c7e625017cae4c75d8662e377bf487d"},
    {file = "numpy-2.3.3-cp314-cp314t-macosx_14_0_x86_64.whl", hash = "sha256:533ca5f6d325c80b6007d4d7fb1984c303553534191024ec6a524a4c92a5935a"},
    {file = "numpy-2.3.3-cp314-cp314t-manylinux_2_27_aarch64.manylinux_2_28_aarch64.whl", hash = "sha256:0edd58682a399824633b66885d699d7de982800053acf20be1eaa46d92009c54"},
    {file = "numpy-2.3.3-cp314-cp314t-manylinux_2_27_x86_64.manylinux_2_28_x86_64.whl", hash = "sha256:367ad5d8fbec5d9296d18478804a530f1191e24ab4d75ab408346ae88045d25e"},
    {file = "numpy-2.3.3-cp314-cp314t-musllinux_1_2_aarch64.whl", hash = "sha256:8f6ac61a217437946a1fa48d24c47c91a0c4f725237871117dea264982128097"},
    {file = "numpy-2.3.3-cp314-cp314t-musllinux_1_2_x86_64.whl", hash = "sha256:179a42101b845a816d464b6fe9a845dfaf308fdfc7925387195570789bb2c970"},
    {file = "numpy-2.3.3-cp314-cp314t-win32.whl", hash = "sha256:1250c5d3d2562ec4174bce2e3a1523041595f9b651065e4a4473f5f48a6bc8a5"},
    {file = "numpy-2.3.3-cp314-cp314t-win_amd64.whl", hash = "sha256:b37a0b2e5935409daebe82c1e42274d30d9dd355852529eab91dab8dcca7419f"},
    {file = "numpy-2.3.3-cp314-cp314t-win_arm64.whl", hash = "sha256:78c9f6560dc7e6b3990e32df7ea1a50bbd0e2a111e05209963f5ddcab7073b0b"},
    {file = "numpy-2.3.3-pp311-pypy311_pp73-macosx_10_15_x86_64.whl", hash = "sha256:1e02c7159791cd481e1e6d5ddd766b62a4d5acf8df4d4d1afe35ee9c5c33a41e"},
    {file = "numpy-2.3.3-pp311-pypy311_pp73-macosx_11_0_arm64.whl", hash = "sha256:dca2d0fc80b3893ae72197b39f69d55a3cd8b17ea1b50aa4c62de82419936150"},
    {file = "numpy-2.3.3-pp311-pypy311_pp73-macosx_14_0_arm64.whl", hash = "sha256:99683cbe0658f8271b333a1b1b4bb3173750ad59c0c61f5bbdc5b318918fffe3"},
    {file = "numpy-2.3.3-pp311-pypy311_pp73-macosx_14_0_x86_64.whl", hash = "sha256:d9d537a39cc9de668e5cd0e25affb17aec17b577c6b3ae8a3d866b479fbe88d0"},
    {file = "numpy-2.3.3-pp311-pypy311_pp73-manylinux_2_27_aarch64.manylinux_2_28_aarch64.whl", hash = "sha256:8596ba2f8af5f93b01d97563832686d20206d303024777f6dfc2e7c7c3f1850e"},
    {file = "numpy-2.3.3-pp311-pypy311_pp73-manylinux_2_27_x86_64.manylinux_2_28_x86_64.whl", hash = "sha256:e1ec5615b05369925bd1125f27df33f3b6c8bc10d788d5999ecd8769a1fa04db"},
    {file = "numpy-2.3.3-pp311-pypy311_pp73-win_amd64.whl", hash = "sha256:2e267c7da5bf7309670523896df97f93f6e469fb931161f483cd6882b3b1a5dc"},
    {file = "numpy-2.3.3.tar.gz", hash = "sha256:ddc7c39727ba62b80dfdbedf400d1c10ddfa8eefbd7ec8dcb118be8b56d31029"},
]

[[package]]
name = "openpyxl"
version = "3.1.5"
description = "A Python library to read/write Excel 2010 xlsx/xlsm files"
optional = false
python-versions = ">=3.8"
groups = ["main"]
files = [
    {file = "openpyxl-3.1.5-py2.py3-none-any.whl", hash = "sha256:5282c12b107bffeef825f4617dc029afaf41d0ea60823bbb665ef3079dc79de2"},
    {file = "openpyxl-3.1.5.tar.gz", hash = "sha256:cf0e3cf56142039133628b5acffe8ef0c12bc902d2aadd3e0fe5878dc08d1050"},
]

[package.dependencies]
et-xmlfile = "*"

[[package]]
name = "packaging"
version = "25.0"
description = "Core utilities for Python packages"
optional = false
python-versions = ">=3.8"
groups = ["main", "dev"]
files = [
    {file = "packaging-25.0-py3-none-any.whl", hash = "sha256:29572ef2b1f17581046b3a2227d5c611fb25ec70ca1ba8554b24b0e69331a484"},
    {file = "packaging-25.0.tar.gz", hash = "sha256:d443872c98d677bf60f6a1f2f8c1cb748e8fe762d2bf9d3148b5599295b0fc4f"},
]

[[package]]
name = "pandas"
version = "2.3.1"
description = "Powerful data structures for data analysis, time series, and statistics"
optional = false
python-versions = ">=3.9"
groups = ["main"]
files = [
    {file = "pandas-2.3.1-cp310-cp310-macosx_10_9_x86_64.whl", hash = "sha256:22c2e866f7209ebc3a8f08d75766566aae02bcc91d196935a1d9e59c7b990ac9"},
    {file = "pandas-2.3.1-cp310-cp310-macosx_11_0_arm64.whl", hash = "sha256:3583d348546201aff730c8c47e49bc159833f971c2899d6097bce68b9112a4f1"},
    {file = "pandas-2.3.1-cp310-cp310-manylinux_2_17_aarch64.manylinux2014_aarch64.whl", hash = "sha256:0f951fbb702dacd390561e0ea45cdd8ecfa7fb56935eb3dd78e306c19104b9b0"},
    {file = "pandas-2.3.1-cp310-cp310-manylinux_2_17_x86_64.manylinux2014_x86_64.whl", hash = "sha256:cd05b72ec02ebfb993569b4931b2e16fbb4d6ad6ce80224a3ee838387d83a191"},
    {file = "pandas-2.3.1-cp310-cp310-musllinux_1_2_aarch64.whl", hash = "sha256:1b916a627919a247d865aed068eb65eb91a344b13f5b57ab9f610b7716c92de1"},
    {file = "pandas-2.3.1-cp310-cp310-musllinux_1_2_x86_64.whl", hash = "sha256:fe67dc676818c186d5a3d5425250e40f179c2a89145df477dd82945eaea89e97"},
    {file = "pandas-2.3.1-cp310-cp310-win_amd64.whl", hash = "sha256:2eb789ae0274672acbd3c575b0598d213345660120a257b47b5dafdc618aec83"},
    {file = "pandas-2.3.1-cp311-cp311-macosx_10_9_x86_64.whl", hash = "sha256:2b0540963d83431f5ce8870ea02a7430adca100cec8a050f0811f8e31035541b"},
    {file = "pandas-2.3.1-cp311-cp311-macosx_11_0_arm64.whl", hash = "sha256:fe7317f578c6a153912bd2292f02e40c1d8f253e93c599e82620c7f69755c74f"},
    {file = "pandas-2.3.1-cp311-cp311-manylinux_2_17_aarch64.manylinux2014_aarch64.whl", hash = "sha256:e6723a27ad7b244c0c79d8e7007092d7c8f0f11305770e2f4cd778b3ad5f9f85"},
    {file = "pandas-2.3.1-cp311-cp311-manylinux_2_17_x86_64.manylinux2014_x86_64.whl", hash = "sha256:3462c3735fe19f2638f2c3a40bd94ec2dc5ba13abbb032dd2fa1f540a075509d"},
    {file = "pandas-2.3.1-cp311-cp311-musllinux_1_2_aarch64.whl", hash = "sha256:98bcc8b5bf7afed22cc753a28bc4d9e26e078e777066bc53fac7904ddef9a678"},
    {file = "pandas-2.3.1-cp311-cp311-musllinux_1_2_x86_64.whl", hash = "sha256:4d544806b485ddf29e52d75b1f559142514e60ef58a832f74fb38e48d757b299"},
    {file = "pandas-2.3.1-cp311-cp311-win_amd64.whl", hash = "sha256:b3cd4273d3cb3707b6fffd217204c52ed92859533e31dc03b7c5008aa933aaab"},
    {file = "pandas-2.3.1-cp312-cp312-macosx_10_13_x86_64.whl", hash = "sha256:689968e841136f9e542020698ee1c4fbe9caa2ed2213ae2388dc7b81721510d3"},
    {file = "pandas-2.3.1-cp312-cp312-macosx_11_0_arm64.whl", hash = "sha256:025e92411c16cbe5bb2a4abc99732a6b132f439b8aab23a59fa593eb00704232"},
    {file = "pandas-2.3.1-cp312-cp312-manylinux_2_17_aarch64.manylinux2014_aarch64.whl", hash = "sha256:9b7ff55f31c4fcb3e316e8f7fa194566b286d6ac430afec0d461163312c5841e"},
    {file = "pandas-2.3.1-cp312-cp312-manylinux_2_17_x86_64.manylinux2014_x86_64.whl", hash = "sha256:7dcb79bf373a47d2a40cf7232928eb7540155abbc460925c2c96d2d30b006eb4"},
    {file = "pandas-2.3.1-cp312-cp312-musllinux_1_2_aarch64.whl", hash = "sha256:56a342b231e8862c96bdb6ab97170e203ce511f4d0429589c8ede1ee8ece48b8"},
    {file = "pandas-2.3.1-cp312-cp312-musllinux_1_2_x86_64.whl", hash = "sha256:ca7ed14832bce68baef331f4d7f294411bed8efd032f8109d690df45e00c4679"},
    {file = "pandas-2.3.1-cp312-cp312-win_amd64.whl", hash = "sha256:ac942bfd0aca577bef61f2bc8da8147c4ef6879965ef883d8e8d5d2dc3e744b8"},
    {file = "pandas-2.3.1-cp313-cp313-macosx_10_13_x86_64.whl", hash = "sha256:9026bd4a80108fac2239294a15ef9003c4ee191a0f64b90f170b40cfb7cf2d22"},
    {file = "pandas-2.3.1-cp313-cp313-macosx_11_0_arm64.whl", hash = "sha256:6de8547d4fdb12421e2d047a2c446c623ff4c11f47fddb6b9169eb98ffba485a"},
    {file = "pandas-2.3.1-cp313-cp313-manylinux_2_17_aarch64.manylinux2014_aarch64.whl", hash = "sha256:782647ddc63c83133b2506912cc6b108140a38a37292102aaa19c81c83db2928"},
    {file = "pandas-2.3.1-cp313-cp313-manylinux_2_17_x86_64.manylinux2014_x86_64.whl", hash = "sha256:2ba6aff74075311fc88504b1db890187a3cd0f887a5b10f5525f8e2ef55bfdb9"},
    {file = "pandas-2.3.1-cp313-cp313-musllinux_1_2_aarch64.whl", hash = "sha256:e5635178b387bd2ba4ac040f82bc2ef6e6b500483975c4ebacd34bec945fda12"},
    {file = "pandas-2.3.1-cp313-cp313-musllinux_1_2_x86_64.whl", hash = "sha256:6f3bf5ec947526106399a9e1d26d40ee2b259c66422efdf4de63c848492d91bb"},
    {file = "pandas-2.3.1-cp313-cp313-win_amd64.whl", hash = "sha256:1c78cf43c8fde236342a1cb2c34bcff89564a7bfed7e474ed2fffa6aed03a956"},
    {file = "pandas-2.3.1-cp313-cp313t-macosx_10_13_x86_64.whl", hash = "sha256:8dfc17328e8da77be3cf9f47509e5637ba8f137148ed0e9b5241e1baf526e20a"},
    {file = "pandas-2.3.1-cp313-cp313t-macosx_11_0_arm64.whl", hash = "sha256:ec6c851509364c59a5344458ab935e6451b31b818be467eb24b0fe89bd05b6b9"},
    {file = "pandas-2.3.1-cp313-cp313t-manylinux_2_17_aarch64.manylinux2014_aarch64.whl", hash = "sha256:911580460fc4884d9b05254b38a6bfadddfcc6aaef856fb5859e7ca202e45275"},
    {file = "pandas-2.3.1-cp313-cp313t-manylinux_2_17_x86_64.manylinux2014_x86_64.whl", hash = "sha256:2f4d6feeba91744872a600e6edbbd5b033005b431d5ae8379abee5bcfa479fab"},
    {file = "pandas-2.3.1-cp313-cp313t-musllinux_1_2_aarch64.whl", hash = "sha256:fe37e757f462d31a9cd7580236a82f353f5713a80e059a29753cf938c6775d96"},
    {file = "pandas-2.3.1-cp313-cp313t-musllinux_1_2_x86_64.whl", hash = "sha256:5db9637dbc24b631ff3707269ae4559bce4b7fd75c1c4d7e13f40edc42df4444"},
    {file = "pandas-2.3.1-cp39-cp39-macosx_10_9_x86_64.whl", hash = "sha256:4645f770f98d656f11c69e81aeb21c6fca076a44bed3dcbb9396a4311bc7f6d8"},
    {file = "pandas-2.3.1-cp39-cp39-macosx_11_0_arm64.whl", hash = "sha256:342e59589cc454aaff7484d75b816a433350b3d7964d7847327edda4d532a2e3"},
    {file = "pandas-2.3.1-cp39-cp39-manylinux_2_17_aarch64.manylinux2014_aarch64.whl", hash = "sha256:1d12f618d80379fde6af007f65f0c25bd3e40251dbd1636480dfffce2cf1e6da"},
    {file = "pandas-2.3.1-cp39-cp39-manylinux_2_17_x86_64.manylinux2014_x86_64.whl", hash = "sha256:dd71c47a911da120d72ef173aeac0bf5241423f9bfea57320110a978457e069e"},
    {file = "pandas-2.3.1-cp39-cp39-musllinux_1_2_aarch64.whl", hash = "sha256:09e3b1587f0f3b0913e21e8b32c3119174551deb4a4eba4a89bc7377947977e7"},
    {file = "pandas-2.3.1-cp39-cp39-musllinux_1_2_x86_64.whl", hash = "sha256:2323294c73ed50f612f67e2bf3ae45aea04dce5690778e08a09391897f35ff88"},
    {file = "pandas-2.3.1-cp39-cp39-win_amd64.whl", hash = "sha256:b4b0de34dc8499c2db34000ef8baad684cfa4cbd836ecee05f323ebfba348c7d"},
    {file = "pandas-2.3.1.tar.gz", hash = "sha256:0a95b9ac964fe83ce317827f80304d37388ea77616b1425f0ae41c9d2d0d7bb2"},
]

[package.dependencies]
numpy = {version = ">=1.26.0", markers = "python_version >= \"3.12\""}
python-dateutil = ">=2.8.2"
pytz = ">=2020.1"
tzdata = ">=2022.7"

[package.extras]
all = ["PyQt5 (>=5.15.9)", "SQLAlchemy (>=2.0.0)", "adbc-driver-postgresql (>=0.8.0)", "adbc-driver-sqlite (>=0.8.0)", "beautifulsoup4 (>=4.11.2)", "bottleneck (>=1.3.6)", "dataframe-api-compat (>=0.1.7)", "fastparquet (>=2022.12.0)", "fsspec (>=2022.11.0)", "gcsfs (>=2022.11.0)", "html5lib (>=1.1)", "hypothesis (>=6.46.1)", "jinja2 (>=3.1.2)", "lxml (>=4.9.2)", "matplotlib (>=3.6.3)", "numba (>=0.56.4)", "numexpr (>=2.8.4)", "odfpy (>=1.4.1)", "openpyxl (>=3.1.0)", "pandas-gbq (>=0.19.0)", "psycopg2 (>=2.9.6)", "pyarrow (>=10.0.1)", "pymysql (>=1.0.2)", "pyreadstat (>=1.2.0)", "pytest (>=7.3.2)", "pytest-xdist (>=2.2.0)", "python-calamine (>=0.1.7)", "pyxlsb (>=1.0.10)", "qtpy (>=2.3.0)", "s3fs (>=2022.11.0)", "scipy (>=1.10.0)", "tables (>=3.8.0)", "tabulate (>=0.9.0)", "xarray (>=2022.12.0)", "xlrd (>=2.0.1)", "xlsxwriter (>=3.0.5)", "zstandard (>=0.19.0)"]
aws = ["s3fs (>=2022.11.0)"]
clipboard = ["PyQt5 (>=5.15.9)", "qtpy (>=2.3.0)"]
compression = ["zstandard (>=0.19.0)"]
computation = ["scipy (>=1.10.0)", "xarray (>=2022.12.0)"]
consortium-standard = ["dataframe-api-compat (>=0.1.7)"]
excel = ["odfpy (>=1.4.1)", "openpyxl (>=3.1.0)", "python-calamine (>=0.1.7)", "pyxlsb (>=1.0.10)", "xlrd (>=2.0.1)", "xlsxwriter (>=3.0.5)"]
feather = ["pyarrow (>=10.0.1)"]
fss = ["fsspec (>=2022.11.0)"]
gcp = ["gcsfs (>=2022.11.0)", "pandas-gbq (>=0.19.0)"]
hdf5 = ["tables (>=3.8.0)"]
html = ["beautifulsoup4 (>=4.11.2)", "html5lib (>=1.1)", "lxml (>=4.9.2)"]
mysql = ["SQLAlchemy (>=2.0.0)", "pymysql (>=1.0.2)"]
output-formatting = ["jinja2 (>=3.1.2)", "tabulate (>=0.9.0)"]
parquet = ["pyarrow (>=10.0.1)"]
performance = ["bottleneck (>=1.3.6)", "numba (>=0.56.4)", "numexpr (>=2.8.4)"]
plot = ["matplotlib (>=3.6.3)"]
postgresql = ["SQLAlchemy (>=2.0.0)", "adbc-driver-postgresql (>=0.8.0)", "psycopg2 (>=2.9.6)"]
pyarrow = ["pyarrow (>=10.0.1)"]
spss = ["pyreadstat (>=1.2.0)"]
sql-other = ["SQLAlchemy (>=2.0.0)", "adbc-driver-postgresql (>=0.8.0)", "adbc-driver-sqlite (>=0.8.0)"]
test = ["hypothesis (>=6.46.1)", "pytest (>=7.3.2)", "pytest-xdist (>=2.2.0)"]
xml = ["lxml (>=4.9.2)"]

[[package]]
name = "pefile"
version = "2023.2.7"
description = "Python PE parsing module"
optional = false
python-versions = ">=3.6.0"
groups = ["dev"]
markers = "sys_platform == \"win32\""
files = [
    {file = "pefile-2023.2.7-py3-none-any.whl", hash = "sha256:da185cd2af68c08a6cd4481f7325ed600a88f6a813bad9dea07ab3ef73d8d8d6"},
    {file = "pefile-2023.2.7.tar.gz", hash = "sha256:82e6114004b3d6911c77c3953e3838654b04511b8b66e8583db70c65998017dc"},
]

[[package]]
name = "pluggy"
version = "1.6.0"
description = "plugin and hook calling mechanisms for python"
optional = false
python-versions = ">=3.9"
groups = ["main"]
files = [
    {file = "pluggy-1.6.0-py3-none-any.whl", hash = "sha256:e920276dd6813095e9377c0bc5566d94c932c33b27a3e3945d8389c374dd4746"},
    {file = "pluggy-1.6.0.tar.gz", hash = "sha256:7dcc130b76258d33b90f61b658791dede3486c3e6bfb003ee5c9bfb396dd22f3"},
]

[package.extras]
dev = ["pre-commit", "tox"]
testing = ["coverage", "pytest", "pytest-benchmark"]

[[package]]
name = "pygments"
version = "2.19.2"
description = "Pygments is a syntax highlighting package written in Python."
optional = false
python-versions = ">=3.8"
groups = ["main"]
files = [
    {file = "pygments-2.19.2-py3-none-any.whl", hash = "sha256:86540386c03d588bb81d44bc3928634ff26449851e99741617ecb9037ee5ec0b"},
    {file = "pygments-2.19.2.tar.gz", hash = "sha256:636cb2477cec7f8952536970bc533bc43743542f70392ae026374600add5b887"},
]

[package.extras]
windows-terminal = ["colorama (>=0.4.6)"]

[[package]]
name = "pyinstaller"
version = "6.15.0"
description = "PyInstaller bundles a Python application and all its dependencies into a single package."
optional = false
python-versions = "<3.15,>=3.8"
groups = ["dev"]
files = [
    {file = "pyinstaller-6.15.0-py3-none-macosx_10_13_universal2.whl", hash = "sha256:9f00c71c40148cd1e61695b2c6f1e086693d3bcf9bfa22ab513aa4254c3b966f"},
    {file = "pyinstaller-6.15.0-py3-none-manylinux2014_aarch64.whl", hash = "sha256:cbcc8eb77320c60722030ac875883b564e00768fe3ff1721c7ba3ad0e0a277e9"},
    {file = "pyinstaller-6.15.0-py3-none-manylinux2014_i686.whl", hash = "sha256:c33e6302bc53db2df1104ed5566bd980b3e0ee7f18416a6e3caa908c12a54542"},
    {file = "pyinstaller-6.15.0-py3-none-manylinux2014_ppc64le.whl", hash = "sha256:eb902d0fed3bb1f8b7190dc4df5c11f3b59505767e0d56d1ed782b853938bbf3"},
    {file = "pyinstaller-6.15.0-py3-none-manylinux2014_s390x.whl", hash = "sha256:b4df862adae7cf1f08eff53c43ace283822447f7f528f72e4f94749062712f15"},
    {file = "pyinstaller-6.15.0-py3-none-manylinux2014_x86_64.whl", hash = "sha256:b9ebf16ed0f99016ae8ae5746dee4cb244848a12941539e62ce2eea1df5a3f95"},
    {file = "pyinstaller-6.15.0-py3-none-musllinux_1_1_aarch64.whl", hash = "sha256:22193489e6a22435417103f61e7950363bba600ef36ec3ab1487303668c81092"},
    {file = "pyinstaller-6.15.0-py3-none-musllinux_1_1_x86_64.whl", hash = "sha256:18f743069849dbaee3e10900385f35795a5743eabab55e99dcc42f204e40a0db"},
    {file = "pyinstaller-6.15.0-py3-none-win32.whl", hash = "sha256:60da8f1b5071766b45c0f607d8bc3d7e59ba2c3b262d08f2e4066ba65f3544a2"},
    {file = "pyinstaller-6.15.0-py3-none-win_amd64.whl", hash = "sha256:cbea297e16eeda30b41c300d6ec2fd2abea4dbd8d8a32650eeec36431c94fcd9"},
    {file = "pyinstaller-6.15.0-py3-none-win_arm64.whl", hash = "sha256:f43c035621742cf2d19b84308c60e4e44e72c94786d176b8f6adcde351b5bd98"},
    {file = "pyinstaller-6.15.0.tar.gz", hash = "sha256:a48fc4644ee4aa2aa2a35e7b51f496f8fbd7eecf6a2150646bbf1613ad07bc2d"},
]

[package.dependencies]
altgraph = "*"
macholib = {version = ">=1.8", markers = "sys_platform == \"darwin\""}
packaging = ">=22.0"
pefile = {version = ">=2022.5.30,<2024.8.26 || >2024.8.26", markers = "sys_platform == \"win32\""}
pyinstaller-hooks-contrib = ">=2025.8"
pywin32-ctypes = {version = ">=0.2.1", markers = "sys_platform == \"win32\""}
setuptools = ">=42.0.0"

[package.extras]
completion = ["argcomplete"]
hook-testing = ["execnet (>=1.5.0)", "psutil", "pytest (>=2.7.3)"]

[[package]]
name = "pyinstaller-hooks-contrib"
version = "2025.8"
description = "Community maintained hooks for PyInstaller"
optional = false
python-versions = ">=3.8"
groups = ["dev"]
files = [
    {file = "pyinstaller_hooks_contrib-2025.8-py3-none-any.whl", hash = "sha256:8d0b8cfa0cb689a619294ae200497374234bd4e3994b3ace2a4442274c899064"},
    {file = "pyinstaller_hooks_contrib-2025.8.tar.gz", hash = "sha256:3402ad41dfe9b5110af134422e37fc5d421ba342c6cb980bd67cb30b7415641c"},
]

[package.dependencies]
packaging = ">=22.0"
setuptools = ">=42.0.0"

[[package]]
name = "pyqt5"
version = "5.15.11"
description = "Python bindings for the Qt cross platform application toolkit"
optional = false
python-versions = ">=3.8"
groups = ["main"]
files = [
    {file = "PyQt5-5.15.11-cp38-abi3-macosx_11_0_arm64.whl", hash = "sha256:c8b03dd9380bb13c804f0bdb0f4956067f281785b5e12303d529f0462f9afdc2"},
    {file = "PyQt5-5.15.11-cp38-abi3-macosx_11_0_x86_64.whl", hash = "sha256:6cd75628f6e732b1ffcfe709ab833a0716c0445d7aec8046a48d5843352becb6"},
    {file = "PyQt5-5.15.11-cp38-abi3-manylinux_2_17_x86_64.whl", hash = "sha256:cd672a6738d1ae33ef7d9efa8e6cb0a1525ecf53ec86da80a9e1b6ec38c8d0f1"},
    {file = "PyQt5-5.15.11-cp38-abi3-win32.whl", hash = "sha256:76be0322ceda5deecd1708a8d628e698089a1cea80d1a49d242a6d579a40babd"},
    {file = "PyQt5-5.15.11-cp38-abi3-win_amd64.whl", hash = "sha256:bdde598a3bb95022131a5c9ea62e0a96bd6fb28932cc1619fd7ba211531b7517"},
    {file = "PyQt5-5.15.11.tar.gz", hash = "sha256:fda45743ebb4a27b4b1a51c6d8ef455c4c1b5d610c90d2934c7802b5c1557c52"},
]

[package.dependencies]
PyQt5-Qt5 = ">=5.15.2,<5.16.0"
PyQt5-sip = ">=12.15,<13"

[[package]]
name = "pyqt5-qt5"
version = "5.15.17"
description = "The subset of a Qt installation needed by PyQt5."
optional = false
python-versions = "*"
groups = ["main"]
files = [
    {file = "PyQt5_Qt5-5.15.17-py3-none-macosx_10_13_x86_64.whl", hash = "sha256:d8b8094108e748b4bbd315737cfed81291d2d228de43278f0b8bd7d2b808d2b9"},
    {file = "PyQt5_Qt5-5.15.17-py3-none-macosx_11_0_arm64.whl", hash = "sha256:b68628f9b8261156f91d2f72ebc8dfb28697c4b83549245d9a68195bd2d74f0c"},
    {file = "PyQt5_Qt5-5.15.17-py3-none-manylinux2014_x86_64.whl", hash = "sha256:b018f75d1cc61146396fa5af14da1db77c5d6318030e5e366f09ffdf7bd358d8"},
]

[[package]]
name = "pyqt5-sip"
version = "12.17.0"
description = "The sip module support for PyQt5"
optional = false
python-versions = ">=3.9"
groups = ["main"]
files = [
    {file = "PyQt5_sip-12.17.0-cp310-cp310-macosx_10_9_universal2.whl", hash = "sha256:ec47914cc751608e587c1c2fdabeaf4af7fdc28b9f62796c583bea01c1a1aa3e"},
    {file = "PyQt5_sip-12.17.0-cp310-cp310-manylinux_2_5_x86_64.manylinux1_x86_64.whl", hash = "sha256:2f2a8dcc7626fe0da73a0918e05ce2460c7a14ddc946049310e6e35052105434"},
    {file = "PyQt5_sip-12.17.0-cp310-cp310-win32.whl", hash = "sha256:0c75d28b8282be3c1d7dbc76950d6e6eba1e334783224e9b9835ce1a9c64f482"},
    {file = "PyQt5_sip-12.17.0-cp310-cp310-win_amd64.whl", hash = "sha256:8c4bc535bae0dfa764e8534e893619fe843ce5a2e25f901c439bcb960114f686"},
    {file = "PyQt5_sip-12.17.0-cp311-cp311-macosx_10_9_universal2.whl", hash = "sha256:2c912807dd638644168ea8c7a447bfd9d85a19471b98c2c588c4d2e911c09b0a"},
    {file = "PyQt5_sip-12.17.0-cp311-cp311-manylinux_2_5_x86_64.manylinux1_x86_64.whl", hash = "sha256:71514a7d43b44faa1d65a74ad2c5da92c03a251bdc749f009c313f06cceacc9a"},
    {file = "PyQt5_sip-12.17.0-cp311-cp311-win32.whl", hash = "sha256:023466ae96f72fbb8419b44c3f97475de6642fa5632520d0f50fc1a52a3e8200"},
    {file = "PyQt5_sip-12.17.0-cp311-cp311-win_amd64.whl", hash = "sha256:fb565469d08dcb0a427def0c45e722323beb62db79454260482b6948bfd52d47"},
    {file = "PyQt5_sip-12.17.0-cp312-cp312-macosx_10_9_universal2.whl", hash = "sha256:ea08341c8a5da00c81df0d689ecd4ee47a95e1ecad9e362581c92513f2068005"},
    {file = "PyQt5_sip-12.17.0-cp312-cp312-manylinux_2_5_x86_64.manylinux1_x86_64.whl", hash = "sha256:4a92478d6808040fbe614bb61500fbb3f19f72714b99369ec28d26a7e3494115"},
    {file = "PyQt5_sip-12.17.0-cp312-cp312-win32.whl", hash = "sha256:b0ff280b28813e9bfd3a4de99490739fc29b776dc48f1c849caca7239a10fc8b"},
    {file = "PyQt5_sip-12.17.0-cp312-cp312-win_amd64.whl", hash = "sha256:54c31de7706d8a9a8c0fc3ea2c70468aba54b027d4974803f8eace9c22aad41c"},
    {file = "PyQt5_sip-12.17.0-cp313-cp313-macosx_10_13_universal2.whl", hash = "sha256:c7a7ff355e369616b6bcb41d45b742327c104b2bf1674ec79b8d67f8f2fa9543"},
    {file = "PyQt5_sip-12.17.0-cp313-cp313-manylinux_2_5_x86_64.manylinux1_x86_64.whl", hash = "sha256:419b9027e92b0b707632c370cfc6dc1f3b43c6313242fc4db57a537029bd179c"},
    {file = "PyQt5_sip-12.17.0-cp313-cp313-win32.whl", hash = "sha256:351beab964a19f5671b2a3e816ecf4d3543a99a7e0650f88a947fea251a7589f"},
    {file = "PyQt5_sip-12.17.0-cp313-cp313-win_amd64.whl", hash = "sha256:672c209d05661fab8e17607c193bf43991d268a1eefbc2c4551fbf30fd8bb2ca"},
    {file = "PyQt5_sip-12.17.0-cp39-cp39-macosx_10_9_universal2.whl", hash = "sha256:d65a9c1b4cbbd8e856254609f56e897d2cb5c903f77b75fb720cb3a32c76b92b"},
    {file = "PyQt5_sip-12.17.0-cp39-cp39-manylinux_2_5_x86_64.manylinux1_x86_64.whl", hash = "sha256:32b03e7e77ecd7b4119eba486b0706fa59b490bcceb585f9b6ddec8a582082db"},
    {file = "PyQt5_sip-12.17.0-cp39-cp39-win32.whl", hash = "sha256:5b6c734f4ad28f3defac4890ed747d391d246af279200935d49953bc7d915b8c"},
    {file = "PyQt5_sip-12.17.0-cp39-cp39-win_amd64.whl", hash = "sha256:855e8f5787d57e26a48d8c3de1220a8e92ab83be8d73966deac62fdae03ea2f9"},
    {file = "pyqt5_sip-12.17.0.tar.gz", hash = "sha256:682dadcdbd2239af9fdc0c0628e2776b820e128bec88b49b8d692fe682f90b4f"},
]

[[package]]
name = "pytest"
version = "8.4.1"
description = "pytest: simple powerful testing with Python"
optional = false
python-versions = ">=3.9"
groups = ["main"]
files = [
    {file = "pytest-8.4.1-py3-none-any.whl", hash = "sha256:539c70ba6fcead8e78eebbf1115e8b589e7565830d7d006a8723f19ac8a0afb7"},
    {file = "pytest-8.4.1.tar.gz", hash = "sha256:7c67fd69174877359ed9371ec3af8a3d2b04741818c51e5e99cc1742251fa93c"},
]

[package.dependencies]
colorama = {version = ">=0.4", markers = "sys_platform == \"win32\""}
iniconfig = ">=1"
packaging = ">=20"
pluggy = ">=1.5,<2"
pygments = ">=2.7.2"

[package.extras]
dev = ["argcomplete", "attrs (>=19.2)", "hypothesis (>=3.56)", "mock", "requests", "setuptools", "xmlschema"]

[[package]]
name = "python-dateutil"
version = "2.9.0.post0"
description = "Extensions to the standard Python datetime module"
optional = false
python-versions = "!=3.0.*,!=3.1.*,!=3.2.*,>=2.7"
groups = ["main"]
files = [
    {file = "python-dateutil-2.9.0.post0.tar.gz", hash = "sha256:37dd54208da7e1cd875388217d5e00ebd4179249f90fb72437e91a35459a0ad3"},
    {file = "python_dateutil-2.9.0.post0-py2.py3-none-any.whl", hash = "sha256:a8b2bc7bffae282281c8140a97d3aa9c14da0b136dfe83f850eea9a5f7470427"},
]

[package.dependencies]
six = ">=1.5"

[[package]]
name = "pytz"
version = "2025.2"
description = "World timezone definitions, modern and historical"
optional = false
python-versions = "*"
groups = ["main"]
files = [
    {file = "pytz-2025.2-py2.py3-none-any.whl", hash = "sha256:5ddf76296dd8c44c26eb8f4b6f35488f3ccbf6fbbd7adee0b7262d43f0ec2f00"},
    {file = "pytz-2025.2.tar.gz", hash = "sha256:360b9e3dbb49a209c21ad61809c7fb453643e048b38924c765813546746e81c3"},
]

[[package]]
name = "pywin32-ctypes"
version = "0.2.3"
description = "A (partial) reimplementation of pywin32 using ctypes/cffi"
optional = false
python-versions = ">=3.6"
groups = ["dev"]
markers = "sys_platform == \"win32\""
files = [
    {file = "pywin32-ctypes-0.2.3.tar.gz", hash = "sha256:d162dc04946d704503b2edc4d55f3dba5c1d539ead017afa00142c38b9885755"},
    {file = "pywin32_ctypes-0.2.3-py3-none-any.whl", hash = "sha256:8a1513379d709975552d202d942d9837758905c8d01eb82b8bcc30918929e7b8"},
]

[[package]]
name = "setuptools"
version = "80.9.0"
description = "Easily download, build, install, upgrade, and uninstall Python packages"
optional = false
python-versions = ">=3.9"
groups = ["dev"]
files = [
    {file = "setuptools-80.9.0-py3-none-any.whl", hash = "sha256:062d34222ad13e0cc312a4c02d73f059e86a4acbfbdea8f8f76b28c99f306922"},
    {file = "setuptools-80.9.0.tar.gz", hash = "sha256:f36b47402ecde768dbfafc46e8e4207b4360c654f1f3bb84475f0a28628fb19c"},
]

[package.extras]
check = ["pytest-checkdocs (>=2.4)", "pytest-ruff (>=0.2.1) ; sys_platform != \"cygwin\"", "ruff (>=0.8.0) ; sys_platform != \"cygwin\""]
core = ["importlib_metadata (>=6) ; python_version < \"3.10\"", "jaraco.functools (>=4)", "jaraco.text (>=3.7)", "more_itertools", "more_itertools (>=8.8)", "packaging (>=24.2)", "platformdirs (>=4.2.2)", "tomli (>=2.0.1) ; python_version < \"3.11\"", "wheel (>=0.43.0)"]
cover = ["pytest-cov"]
doc = ["furo", "jaraco.packaging (>=9.3)", "jaraco.tidelift (>=1.4)", "pygments-github-lexers (==0.0.5)", "pyproject-hooks (!=1.1)", "rst.linker (>=1.9)", "sphinx (>=3.5)", "sphinx-favicon", "sphinx-inline-tabs", "sphinx-lint", "sphinx-notfound-page (>=1,<2)", "sphinx-reredirects", "sphinxcontrib-towncrier", "towncrier (<24.7)"]
enabler = ["pytest-enabler (>=2.2)"]
test = ["build[virtualenv] (>=1.0.3)", "filelock (>=3.4.0)", "ini2toml[lite] (>=0.14)", "jaraco.develop (>=7.21) ; python_version >= \"3.9\" and sys_platform != \"cygwin\"", "jaraco.envs (>=2.2)", "jaraco.path (>=3.7.2)", "jaraco.test (>=5.5)", "packaging (>=24.2)", "pip (>=19.1)", "pyproject-hooks (!=1.1)", "pytest (>=6,!=8.1.*)", "pytest-home (>=0.5)", "pytest-perf ; sys_platform != \"cygwin\"", "pytest-subprocess", "pytest-timeout", "pytest-xdist (>=3)", "tomli-w (>=1.0.0)", "virtualenv (>=13.0.0)", "wheel (>=0.44.0)"]
type = ["importlib_metadata (>=7.0.2) ; python_version < \"3.10\"", "jaraco.develop (>=7.21) ; sys_platform != \"cygwin\"", "mypy (==1.14.*)", "pytest-mypy"]

[[package]]
name = "six"
version = "1.17.0"
description = "Python 2 and 3 compatibility utilities"
optional = false
python-versions = "!=3.0.*,!=3.1.*,!=3.2.*,>=2.7"
groups = ["main"]
files = [
    {file = "six-1.17.0-py2.py3-none-any.whl", hash = "sha256:4721f391ed90541fddacab5acf947aa0d3dc7d27b2e1e8eda2be8970586c3274"},
    {file = "six-1.17.0.tar.gz", hash = "sha256:ff70335d468e7eb6ec65b95b99d3a2836546063f63acc5171de367e834932a81"},
]

[[package]]
name = "tzdata"
version = "2025.2"
description = "Provider of IANA time zone data"
optional = false
python-versions = ">=2"
groups = ["main"]
files = [
    {file = "tzdata-2025.2-py2.py3-none-any.whl", hash = "sha256:1a403fada01ff9221ca8044d701868fa132215d84beb92242d9acd2147f667a8"},
    {file = "tzdata-2025.2.tar.gz", hash = "sha256:b60a638fcc0daffadf82fe0f57e53d06bdec2f36c4df66280ae79bce6bd6f2b9"},
]

[[package]]
name = "xlsxwriter"
version = "3.2.8"
description = "A Python module for creating Excel XLSX files."
optional = false
python-versions = ">=3.8"
groups = ["main"]
files = [
    {file = "xlsxwriter-3.2.8-py3-none-any.whl", hash = "sha256:cb0baf8c9bcce14fdadd01297f4e6cd64901cf536283a1f4ab5d07290d85a66b"},
    {file = "xlsxwriter-3.2.8.tar.gz", hash = "sha256:8c0dc8f1538c4052a4d4e07a1962750949c2a469138a6cfbc73349c88f6b39a7"},
]

[metadata]
lock-version = "2.1"
python-versions = ">=3.13,<3.15"
content-hash = "85b7e75af04414572a5e28c06e0c52ecfaf186693cf6406bd02abe810c747503"
